// !$*UTF8*$!
{
	archiveVersion = 1;
	classes = {
	};
	objectVersion = 46;
	objects = {

/* Begin PBXBuildFile section */
		F49919601676FBF800F21A57 /* Foundation.framework in Frameworks */ = {isa = PBXBuildFile; fileRef = F499195F1676FBF800F21A57 /* Foundation.framework */; };
		F49919B31676FC1700F21A57 /* Appirater.m in Sources */ = {isa = PBXBuildFile; fileRef = F499196E1676FC1700F21A57 /* Appirater.m */; };
		F49919B51676FC9000F21A57 /* CoreGraphics.framework in Frameworks */ = {isa = PBXBuildFile; fileRef = F49919B41676FC9000F21A57 /* CoreGraphics.framework */; };
		F49919B71676FCAF00F21A57 /* UIKit.framework in Frameworks */ = {isa = PBXBuildFile; fileRef = F49919B61676FCAF00F21A57 /* UIKit.framework */; };
		F49919B91676FD1400F21A57 /* plugin.mm in Sources */ = {isa = PBXBuildFile; fileRef = F49919B81676FD1400F21A57 /* plugin.mm */; };
/* End PBXBuildFile section */

/* Begin PBXCopyFilesBuildPhase section */
		F499195A1676FBF800F21A57 /* CopyFiles */ = {
			isa = PBXCopyFilesBuildPhase;
			buildActionMask = 2147483647;
			dstPath = "include/${PRODUCT_NAME}";
			dstSubfolderSpec = 16;
			files = (
			);
			runOnlyForDeploymentPostprocessing = 0;
		};
/* End PBXCopyFilesBuildPhase section */

/* Begin PBXFileReference section */
		F499195C1676FBF800F21A57 /* libappirater.a */ = {isa = PBXFileReference; explicitFileType = archive.ar; includeInIndex = 0; path = libappirater.a; sourceTree = BUILT_PRODUCTS_DIR; };
		F499195F1676FBF800F21A57 /* Foundation.framework */ = {isa = PBXFileReference; lastKnownFileType = wrapper.framework; name = Foundation.framework; path = System/Library/Frameworks/Foundation.framework; sourceTree = SDKROOT; };
		F49919631676FBF800F21A57 /* appirater-Prefix.pch */ = {isa = PBXFileReference; lastKnownFileType = sourcecode.c.h; path = "appirater-Prefix.pch"; sourceTree = "<group>"; };
		F499196D1676FC1700F21A57 /* Appirater.h */ = {isa = PBXFileReference; fileEncoding = 4; lastKnownFileType = sourcecode.c.h; name = Appirater.h; path = ../Appirater.h; sourceTree = "<group>"; };
		F499196E1676FC1700F21A57 /* Appirater.m */ = {isa = PBXFileReference; fileEncoding = 4; lastKnownFileType = sourcecode.c.objc; name = Appirater.m; path = ../Appirater.m; sourceTree = "<group>"; };
		F499196F1676FC1700F21A57 /* AppiraterDelegate.h */ = {isa = PBXFileReference; fileEncoding = 4; lastKnownFileType = sourcecode.c.h; name = AppiraterDelegate.h; path = ../AppiraterDelegate.h; sourceTree = "<group>"; };
		F49919A31676FC1700F21A57 /* README.md */ = {isa = PBXFileReference; fileEncoding = 4; lastKnownFileType = text; name = README.md; path = ../README.md; sourceTree = "<group>"; };
		F49919B41676FC9000F21A57 /* CoreGraphics.framework */ = {isa = PBXFileReference; lastKnownFileType = wrapper.framework; name = CoreGraphics.framework; path = System/Library/Frameworks/CoreGraphics.framework; sourceTree = SDKROOT; };
		F49919B61676FCAF00F21A57 /* UIKit.framework */ = {isa = PBXFileReference; lastKnownFileType = wrapper.framework; name = UIKit.framework; path = System/Library/Frameworks/UIKit.framework; sourceTree = SDKROOT; };
		F49919B81676FD1400F21A57 /* plugin.mm */ = {isa = PBXFileReference; fileEncoding = 4; lastKnownFileType = sourcecode.cpp.objcpp; path = plugin.mm; sourceTree = "<group>"; };
/* End PBXFileReference section */

/* Begin PBXFrameworksBuildPhase section */
		F49919591676FBF800F21A57 /* Frameworks */ = {
			isa = PBXFrameworksBuildPhase;
			buildActionMask = 2147483647;
			files = (
				F49919B71676FCAF00F21A57 /* UIKit.framework in Frameworks */,
				F49919B51676FC9000F21A57 /* CoreGraphics.framework in Frameworks */,
				F49919601676FBF800F21A57 /* Foundation.framework in Frameworks */,
			);
			runOnlyForDeploymentPostprocessing = 0;
		};
/* End PBXFrameworksBuildPhase section */

/* Begin PBXGroup section */
		F49919511676FBF800F21A57 = {
			isa = PBXGroup;
			children = (
				F49919B61676FCAF00F21A57 /* UIKit.framework */,
				F49919B41676FC9000F21A57 /* CoreGraphics.framework */,
				F49919611676FBF800F21A57 /* appirater */,
				F499195E1676FBF800F21A57 /* Frameworks */,
				F499195D1676FBF800F21A57 /* Products */,
				F499196D1676FC1700F21A57 /* Appirater.h */,
				F499196E1676FC1700F21A57 /* Appirater.m */,
				F499196F1676FC1700F21A57 /* AppiraterDelegate.h */,
				F49919A31676FC1700F21A57 /* README.md */,
			);
			sourceTree = "<group>";
		};
		F499195D1676FBF800F21A57 /* Products */ = {
			isa = PBXGroup;
			children = (
				F499195C1676FBF800F21A57 /* libappirater.a */,
			);
			name = Products;
			sourceTree = "<group>";
		};
		F499195E1676FBF800F21A57 /* Frameworks */ = {
			isa = PBXGroup;
			children = (
				F499195F1676FBF800F21A57 /* Foundation.framework */,
			);
			name = Frameworks;
			sourceTree = "<group>";
		};
		F49919611676FBF800F21A57 /* appirater */ = {
			isa = PBXGroup;
			children = (
				F49919621676FBF800F21A57 /* Supporting Files */,
				F49919B81676FD1400F21A57 /* plugin.mm */,
			);
			path = appirater;
			sourceTree = "<group>";
		};
		F49919621676FBF800F21A57 /* Supporting Files */ = {
			isa = PBXGroup;
			children = (
				F49919631676FBF800F21A57 /* appirater-Prefix.pch */,
			);
			name = "Supporting Files";
			sourceTree = "<group>";
		};
/* End PBXGroup section */

/* Begin PBXNativeTarget section */
		F499195B1676FBF800F21A57 /* appirater */ = {
			isa = PBXNativeTarget;
			buildConfigurationList = F499196A1676FBF800F21A57 /* Build configuration list for PBXNativeTarget "appirater" */;
			buildPhases = (
				F49919581676FBF800F21A57 /* Sources */,
				F49919591676FBF800F21A57 /* Frameworks */,
				F499195A1676FBF800F21A57 /* CopyFiles */,
			);
			buildRules = (
			);
			dependencies = (
			);
			name = appirater;
			productName = appirater;
			productReference = F499195C1676FBF800F21A57 /* libappirater.a */;
			productType = "com.apple.product-type.library.static";
		};
/* End PBXNativeTarget section */

/* Begin PBXProject section */
		F49919531676FBF800F21A57 /* Project object */ = {
			isa = PBXProject;
			attributes = {
				LastUpgradeCheck = 0450;
				ORGANIZATIONNAME = "Exploding Barrel Games Inc";
			};
			buildConfigurationList = F49919561676FBF800F21A57 /* Build configuration list for PBXProject "appirater" */;
			compatibilityVersion = "Xcode 3.2";
			developmentRegion = English;
			hasScannedForEncodings = 0;
			knownRegions = (
				en,
				ca,
				cs,
				da,
				de,
				es,
				fi,
				fr,
				he,
				hu,
				it,
				ja,
				ko,
				nb,
				nl,
				pl,
				pt,
				ru,
				sk,
				sv,
				"zh-Hans",
				"zh-Hant",
			);
			mainGroup = F49919511676FBF800F21A57;
			productRefGroup = F499195D1676FBF800F21A57 /* Products */;
			projectDirPath = "";
			projectRoot = "";
			targets = (
				F499195B1676FBF800F21A57 /* appirater */,
			);
		};
/* End PBXProject section */

/* Begin PBXSourcesBuildPhase section */
		F49919581676FBF800F21A57 /* Sources */ = {
			isa = PBXSourcesBuildPhase;
			buildActionMask = 2147483647;
			files = (
				F49919B31676FC1700F21A57 /* Appirater.m in Sources */,
				F49919B91676FD1400F21A57 /* plugin.mm in Sources */,
			);
			runOnlyForDeploymentPostprocessing = 0;
		};
/* End PBXSourcesBuildPhase section */

/* Begin XCBuildConfiguration section */
		F49919681676FBF800F21A57 /* Debug */ = {
			isa = XCBuildConfiguration;
			buildSettings = {
				ALWAYS_SEARCH_USER_PATHS = NO;
				CLANG_CXX_LANGUAGE_STANDARD = "gnu++0x";
				CLANG_CXX_LIBRARY = "libc++";
				CLANG_WARN_EMPTY_BODY = YES;
				CLANG_WARN__DUPLICATE_METHOD_MATCH = YES;
				COPY_PHASE_STRIP = NO;
				GCC_C_LANGUAGE_STANDARD = gnu99;
				GCC_DYNAMIC_NO_PIC = NO;
				GCC_OPTIMIZATION_LEVEL = 0;
				GCC_PREPROCESSOR_DEFINITIONS = (
					"DEBUG=1",
					"$(inherited)",
				);
				GCC_SYMBOLS_PRIVATE_EXTERN = NO;
				GCC_WARN_ABOUT_RETURN_TYPE = YES;
				GCC_WARN_UNINITIALIZED_AUTOS = YES;
				GCC_WARN_UNUSED_VARIABLE = YES;
				IPHONEOS_DEPLOYMENT_TARGET = 5.0;
				ONLY_ACTIVE_ARCH = YES;
				SDKROOT = iphoneos;
			};
			name = Debug;
		};
		F49919691676FBF800F21A57 /* Release */ = {
			isa = XCBuildConfiguration;
			buildSettings = {
				ALWAYS_SEARCH_USER_PATHS = NO;
				CLANG_CXX_LANGUAGE_STANDARD = "gnu++0x";
				CLANG_CXX_LIBRARY = "libc++";
				CLANG_WARN_EMPTY_BODY = YES;
				CLANG_WARN__DUPLICATE_METHOD_MATCH = YES;
				COPY_PHASE_STRIP = YES;
				GCC_C_LANGUAGE_STANDARD = gnu99;
				GCC_WARN_ABOUT_RETURN_TYPE = YES;
				GCC_WARN_UNINITIALIZED_AUTOS = YES;
				GCC_WARN_UNUSED_VARIABLE = YES;
				IPHONEOS_DEPLOYMENT_TARGET = 5.0;
				SDKROOT = iphoneos;
				VALIDATE_PRODUCT = YES;
			};
			name = Release;
		};
		F499196B1676FBF800F21A57 /* Debug */ = {
			isa = XCBuildConfiguration;
			buildSettings = {
				DSTROOT = /tmp/appirater.dst;
				GCC_PRECOMPILE_PREFIX_HEADER = YES;
				GCC_PREFIX_HEADER = "appirater/appirater-Prefix.pch";
				OTHER_LDFLAGS = "-ObjC";
				PRODUCT_NAME = "$(TARGET_NAME)";
				SKIP_INSTALL = YES;
			};
			name = Debug;
		};
		F499196C1676FBF800F21A57 /* Release */ = {
			isa = XCBuildConfiguration;
			buildSettings = {
				DSTROOT = /tmp/appirater.dst;
				GCC_PRECOMPILE_PREFIX_HEADER = YES;
				GCC_PREFIX_HEADER = "appirater/appirater-Prefix.pch";
				OTHER_LDFLAGS = "-ObjC";
				PRODUCT_NAME = "$(TARGET_NAME)";
				SKIP_INSTALL = YES;
			};
			name = Release;
		};
/* End XCBuildConfiguration section */

/* Begin XCConfigurationList section */
		F49919561676FBF800F21A57 /* Build configuration list for PBXProject "appirater" */ = {
			isa = XCConfigurationList;
			buildConfigurations = (
				F49919681676FBF800F21A57 /* Debug */,
				F49919691676FBF800F21A57 /* Release */,
			);
			defaultConfigurationIsVisible = 0;
			defaultConfigurationName = Release;
		};
		F499196A1676FBF800F21A57 /* Build configuration list for PBXNativeTarget "appirater" */ = {
			isa = XCConfigurationList;
			buildConfigurations = (
				F499196B1676FBF800F21A57 /* Debug */,
				F499196C1676FBF800F21A57 /* Release */,
			);
			defaultConfigurationIsVisible = 0;
			defaultConfigurationName = Release;
		};
/* End XCConfigurationList section */
	};
	rootObject = F49919531676FBF800F21A57 /* Project object */;
}
